{
  "nodes": {
    "agenix": {
      "inputs": {
        "nixpkgs": [
          "nixpkgs"
        ]
      },
      "locked": {
        "lastModified": 1641576265,
        "narHash": "sha256-G4W39k5hdu2kS13pi/RhyTOySAo7rmrs7yMUZRH0OZI=",
        "owner": "ryantm",
        "repo": "agenix",
        "rev": "08b9c96878b2f9974fc8bde048273265ad632357",
        "type": "github"
      },
      "original": {
        "owner": "ryantm",
        "repo": "agenix",
        "type": "github"
      }
    },
    "deploy-rs": {
      "inputs": {
        "flake-compat": "flake-compat",
        "nixpkgs": "nixpkgs",
        "utils": "utils"
      },
      "locked": {
        "lastModified": 1642113498,
        "narHash": "sha256-4tNIt2EGDppYQI06gsid0QKW5dtBEOAiNKfMYC8wxv8=",
        "owner": "serokell",
        "repo": "deploy-rs",
        "rev": "0ac333cdc03407538b5b19d60a8e7c64588490fb",
        "type": "github"
      },
      "original": {
        "owner": "serokell",
        "repo": "deploy-rs",
        "type": "github"
      }
    },
    "flake-compat": {
      "flake": false,
      "locked": {
        "lastModified": 1627913399,
        "narHash": "sha256-hY8g6H2KFL8ownSiFeMOjwPC8P0ueXpCVEbxgda3pko=",
        "owner": "edolstra",
        "repo": "flake-compat",
        "rev": "12c64ca55c1014cdc1b16ed5a804aa8576601ff2",
        "type": "github"
      },
      "original": {
        "owner": "edolstra",
        "repo": "flake-compat",
        "type": "github"
      }
    },
    "flake-utils": {
      "locked": {
        "lastModified": 1638122382,
        "narHash": "sha256-sQzZzAbvKEqN9s0bzWuYmRaA03v40gaJ4+iL1LXjaeI=",
        "owner": "numtide",
        "repo": "flake-utils",
        "rev": "74f7e4319258e287b0f9cb95426c9853b282730b",
        "type": "github"
      },
      "original": {
        "owner": "numtide",
        "repo": "flake-utils",
        "type": "github"
      }
    },
    "home-manager": {
      "inputs": {
        "nixpkgs": [
          "nixpkgs"
        ]
      },
      "locked": {
        "lastModified": 1642653493,
        "narHash": "sha256-22mGPjiHUo2Jmze4IjXCJLjeK2mbvvCztHmUyUMr4yw=",
        "owner": "nix-community",
        "repo": "home-manager",
        "rev": "28b9ae40c45c5e7711c353fee1b7af734e293979",
        "type": "github"
      },
      "original": {
        "owner": "nix-community",
        "ref": "release-21.11",
        "repo": "home-manager",
        "type": "github"
      }
    },
    "nixpkgs": {
      "locked": {
        "lastModified": 1632086102,
        "narHash": "sha256-wVTcf0UclFS+zHtfPToB13jIO7n0U9N50MuRbPjQViE=",
        "owner": "NixOS",
        "repo": "nixpkgs",
        "rev": "e0ce3c683ae677cf5aab597d645520cddd13392b",
        "type": "github"
      },
      "original": {
        "owner": "NixOS",
        "ref": "nixpkgs-unstable",
        "repo": "nixpkgs",
        "type": "github"
      }
    },
    "nixpkgs_2": {
      "locked": {
        "lastModified": 1642961095,
        "narHash": "sha256-RLatktZmvwFBOyqdoIk4qdS4OGKB7aKIvvs4ZP2L8D8=",
        "owner": "nixos",
        "repo": "nixpkgs",
        "rev": "604c44137d97b5111be1ca5c0d97f6e24fbc5c2c",
        "type": "github"
      },
      "original": {
        "owner": "nixos",
        "ref": "nixos-21.11",
        "repo": "nixpkgs",
        "type": "github"
      }
    },
    "nur": {
      "locked": {
        "lastModified": 1643134083,
        "narHash": "sha256-mKyP8EnWfm+QxLFfExvplvIYJHe3mqZwJWCJoI5n8C4=",
        "owner": "nix-community",
        "repo": "NUR",
        "rev": "c819ced94dc56d0e3eea200eb0c8b2d46671e362",
        "type": "github"
      },
      "original": {
        "owner": "nix-community",
        "repo": "NUR",
        "type": "github"
      }
    },
    "root": {
      "inputs": {
        "agenix": "agenix",
        "deploy-rs": "deploy-rs",
        "home-manager": "home-manager",
        "nixpkgs": "nixpkgs_2",
        "nur": "nur",
        "unstable": "unstable",
        "utils": "utils_2"
      }
    },
    "unstable": {
      "locked": {
        "lastModified": 1642903813,
        "narHash": "sha256-0lNfGW8sNfyTrixoQhVG00Drl/ECaf5GbfKAQ1ZDoyE=",
        "owner": "nixos",
        "repo": "nixpkgs",
        "rev": "689b76bcf36055afdeb2e9852f5ecdd2bf483f87",
        "type": "github"
      },
      "original": {
        "owner": "nixos",
        "ref": "nixos-unstable",
        "repo": "nixpkgs",
        "type": "github"
      }
    },
    "utils": {
      "locked": {
        "lastModified": 1631561581,
        "narHash": "sha256-3VQMV5zvxaVLvqqUrNz3iJelLw30mIVSfZmAaauM3dA=",
        "owner": "numtide",
        "repo": "flake-utils",
        "rev": "7e5bf3925f6fbdfaf50a2a7ca0be2879c4261d19",
        "type": "github"
      },
      "original": {
        "owner": "numtide",
        "repo": "flake-utils",
        "type": "github"
      }
    },
    "utils_2": {
      "inputs": {
        "flake-utils": "flake-utils"
      },
      "locked": {
        "lastModified": 1639385028,
        "narHash": "sha256-oqorKz3mwf7UuDJwlbCEYCB2LfcWLL0DkeCWhRIL820=",
        "owner": "gytis-ivaskevicius",
        "repo": "flake-utils-plus",
        "rev": "be1be083af014720c14f3b574f57b6173b4915d0",
        "type": "github"
      },
      "original": {
        "owner": "gytis-ivaskevicius",
        "repo": "flake-utils-plus",
        "type": "github"
      }
    }
  },
  "root": "root",
  "version": 7
}
